
Microsoft Visual Studio Solution File, Format Version 12.00
# Visual Studio Version 16
VisualStudioVersion = 16.0.30907.101
MinimumVisualStudioVersion = 10.0.40219.1
Project("{888888A0-9F3D-457C-B088-3A5042F75D52}") = "MineSweeper", "MineSweeper\MineSweeper.pyproj", "{109D9F9D-ED76-41CC-9A9E-D5DAA855AC2F}"
EndProject
Global
	GlobalSection(SolutionConfigurationPlatforms) = preSolution
		Debug|Any CPU = Debug|Any CPU
		Release|Any CPU = Release|Any CPU
	EndGlobalSection
	GlobalSection(ProjectConfigurationPlatforms) = postSolution
		{109D9F9D-ED76-41CC-9A9E-D5DAA855AC2F}.Debug|Any CPU.ActiveCfg = Debug|Any CPU
		{109D9F9D-ED76-41CC-9A9E-D5DAA855AC2F}.Release|Any CPU.ActiveCfg = Release|Any CPU
	EndGlobalSection
	GlobalSection(SolutionProperties) = preSolution
		HideSolutionNode = FALSE
	EndGlobalSection
	GlobalSection(ExtensibilityGlobals) = postSolution
		SolutionGuid = {82E7036B-D7A8-4D2B-87DA-A3DE481CEA2D}
	EndGlobalSection
EndGlobal
